<?xml version="1.0" encoding="utf-8"?>
<Project ToolsVersion="4.0" xmlns="http://schemas.microsoft.com/developer/msbuild/2003">
  <ItemGroup>
    <FxCompile Include="World.fx" />
  </ItemGroup>
  <ItemGroup>
    <Object Include="Object files\Hydralisk_obj\Hydralisk_obj.obj" />
  </ItemGroup>
  <ItemGroup>
    <ClCompile Include="Camera.cpp" />
    <ClCompile Include="Loader.cpp" />
    <ClCompile Include="Main.cpp" />
    <ClCompile Include="Object.cpp" />
    <ClCompile Include="SoundSystem.cpp" />
    <ClCompile Include="ObjHandler.cpp" />
    <ClCompile Include="Terrain.cpp" />
  </ItemGroup>
  <ItemGroup>
    <ClInclude Include="Camera.h" />
    <ClInclude Include="FreeImage\FreeImage.h" />
    <ClInclude Include="hrTimer.h" />
    <ClInclude Include="InputManager.h" />
    <ClInclude Include="Loader.h" />
    <ClInclude Include="Main.h" />
    <ClInclude Include="Object.h" />
    <ClInclude Include="SoundSystem.hpp" />
    <ClInclude Include="ObjHandler.h" />
    <ClInclude Include="stdafx.h" />
    <ClInclude Include="Terrain.h" />
    <ClInclude Include="Vertex.h" />
  </ItemGroup>
  <ItemGroup>
    <Media Include="Sounds\bossa.mp3" />
    <Media Include="Sounds\Laser.mp3" />
    <Media Include="Sounds\StarcraftBackgroundTerran.mp3" />
    <Media Include="Sounds\ZerglingSoundTroll.mp3" />
  </ItemGroup>
  <ItemGroup>
    <Image Include="Object files\Hydralisk_obj\Hydtex.jpg" />
    <Image Include="Pics\heightmap.bmp" />
    <Image Include="Pics\heightmap2.bmp" />
    <Image Include="Pics\heightmap3.bmp" />
    <Image Include="Pics\Terrain_heightmap.bmp" />
    <Image Include="Pics\Terrain_texture.jpg" />
  </ItemGroup>
  <ItemGroup>
    <None Include="FreeImage\FreeImage.dll" />
  </ItemGroup>
</Project>